
Microsoft Visual Studio Solution File, Format Version 12.00
# Visual Studio Version 17
VisualStudioVersion = 17.11.35312.102
MinimumVisualStudioVersion = 10.0.40219.1
Project("{2150E333-8FDC-42A3-9474-1A3956D46DE8}") = "src", "src", "{9C927613-4B08-48DF-8B84-030CBB5296C8}"
EndProject
Project("{2150E333-8FDC-42A3-9474-1A3956D46DE8}") = "test", "test", "{4741B83E-DEE8-4D28-9F42-CF0ED1BD9232}"
EndProject
Project("{2150E333-8FDC-42A3-9474-1A3956D46DE8}") = "Tests", "Tests", "{4CDA4F5F-460E-4E73-904B-C6183823D449}"
EndProject
Project("{2150E333-8FDC-42A3-9474-1A3956D46DE8}") = "Api", "Api", "{40A634DB-1B9C-434E-8D02-06B2C88F4478}"
EndProject
Project("{2150E333-8FDC-42A3-9474-1A3956D46DE8}") = "Application", "Application", "{79A91A7A-05C5-497F-92B5-9ED60261EC54}"
EndProject
Project("{2150E333-8FDC-42A3-9474-1A3956D46DE8}") = "Domain", "Domain", "{37F22E72-71DD-4651-8BE4-1745A609533C}"
EndProject
Project("{2150E333-8FDC-42A3-9474-1A3956D46DE8}") = "Infrastructure", "Infrastructure", "{92074E03-CD65-4F0B-A0B4-0BD647CECEDC}"
EndProject
Project("{2150E333-8FDC-42A3-9474-1A3956D46DE8}") = "Utilities", "Utilities", "{5832CC0C-CA11-49AE-8D8B-E67145857594}"
EndProject
Project("{FAE04EC0-301F-11D3-BF4B-00C04F79EFBC}") = "Axolotl.Domain", "Axolotl.Domain\Axolotl.Domain.csproj", "{CBA216A9-85F7-4FC4-9BB5-CBE6D8947102}"
EndProject
Project("{FAE04EC0-301F-11D3-BF4B-00C04F79EFBC}") = "Axolotl.Infrastructure", "Axolotl.Infrastructure\Axolotl.Infrastructure.csproj", "{9556607A-07FF-4BBD-A8AF-252ECFC7B28F}"
EndProject
Project("{FAE04EC0-301F-11D3-BF4B-00C04F79EFBC}") = "Axolotl.Utilities", "Axolotl.Utilities\Axolotl.Utilities.csproj", "{E852F0A9-3C24-4577-8BB5-458E84456FA0}"
EndProject
Project("{FAE04EC0-301F-11D3-BF4B-00C04F79EFBC}") = "Axolotl.Application", "Axolotl.Application\Axolotl.Application.csproj", "{C8B37984-E16B-4B0A-BE13-F8420CA51CF5}"
EndProject
Project("{FAE04EC0-301F-11D3-BF4B-00C04F79EFBC}") = "Axolotl.Api", "Axolotl.Api\Axolotl.Api.csproj", "{2AF51A52-6252-4234-8164-C45B8A20D2A8}"
EndProject
Project("{FAE04EC0-301F-11D3-BF4B-00C04F79EFBC}") = "Axolotl.Tests", "Axolotl.Tests\Axolotl.Tests.csproj", "{13A44CA8-CD7E-45B8-959E-B979CFFBDA7B}"
EndProject
Global
	GlobalSection(SolutionConfigurationPlatforms) = preSolution
		Debug|Any CPU = Debug|Any CPU
		Release|Any CPU = Release|Any CPU
	EndGlobalSection
	GlobalSection(ProjectConfigurationPlatforms) = postSolution
		{CBA216A9-85F7-4FC4-9BB5-CBE6D8947102}.Debug|Any CPU.ActiveCfg = Debug|Any CPU
		{CBA216A9-85F7-4FC4-9BB5-CBE6D8947102}.Debug|Any CPU.Build.0 = Debug|Any CPU
		{CBA216A9-85F7-4FC4-9BB5-CBE6D8947102}.Release|Any CPU.ActiveCfg = Release|Any CPU
		{CBA216A9-85F7-4FC4-9BB5-CBE6D8947102}.Release|Any CPU.Build.0 = Release|Any CPU
		{9556607A-07FF-4BBD-A8AF-252ECFC7B28F}.Debug|Any CPU.ActiveCfg = Debug|Any CPU
		{9556607A-07FF-4BBD-A8AF-252ECFC7B28F}.Debug|Any CPU.Build.0 = Debug|Any CPU
		{9556607A-07FF-4BBD-A8AF-252ECFC7B28F}.Release|Any CPU.ActiveCfg = Release|Any CPU
		{9556607A-07FF-4BBD-A8AF-252ECFC7B28F}.Release|Any CPU.Build.0 = Release|Any CPU
		{E852F0A9-3C24-4577-8BB5-458E84456FA0}.Debug|Any CPU.ActiveCfg = Debug|Any CPU
		{E852F0A9-3C24-4577-8BB5-458E84456FA0}.Debug|Any CPU.Build.0 = Debug|Any CPU
		{E852F0A9-3C24-4577-8BB5-458E84456FA0}.Release|Any CPU.ActiveCfg = Release|Any CPU
		{E852F0A9-3C24-4577-8BB5-458E84456FA0}.Release|Any CPU.Build.0 = Release|Any CPU
		{C8B37984-E16B-4B0A-BE13-F8420CA51CF5}.Debug|Any CPU.ActiveCfg = Debug|Any CPU
		{C8B37984-E16B-4B0A-BE13-F8420CA51CF5}.Debug|Any CPU.Build.0 = Debug|Any CPU
		{C8B37984-E16B-4B0A-BE13-F8420CA51CF5}.Release|Any CPU.ActiveCfg = Release|Any CPU
		{C8B37984-E16B-4B0A-BE13-F8420CA51CF5}.Release|Any CPU.Build.0 = Release|Any CPU
		{2AF51A52-6252-4234-8164-C45B8A20D2A8}.Debug|Any CPU.ActiveCfg = Debug|Any CPU
		{2AF51A52-6252-4234-8164-C45B8A20D2A8}.Debug|Any CPU.Build.0 = Debug|Any CPU
		{2AF51A52-6252-4234-8164-C45B8A20D2A8}.Release|Any CPU.ActiveCfg = Release|Any CPU
		{2AF51A52-6252-4234-8164-C45B8A20D2A8}.Release|Any CPU.Build.0 = Release|Any CPU
		{13A44CA8-CD7E-45B8-959E-B979CFFBDA7B}.Debug|Any CPU.ActiveCfg = Debug|Any CPU
		{13A44CA8-CD7E-45B8-959E-B979CFFBDA7B}.Debug|Any CPU.Build.0 = Debug|Any CPU
		{13A44CA8-CD7E-45B8-959E-B979CFFBDA7B}.Release|Any CPU.ActiveCfg = Release|Any CPU
		{13A44CA8-CD7E-45B8-959E-B979CFFBDA7B}.Release|Any CPU.Build.0 = Release|Any CPU
	EndGlobalSection
	GlobalSection(SolutionProperties) = preSolution
		HideSolutionNode = FALSE
	EndGlobalSection
	GlobalSection(NestedProjects) = preSolution
		{4CDA4F5F-460E-4E73-904B-C6183823D449} = {4741B83E-DEE8-4D28-9F42-CF0ED1BD9232}
		{40A634DB-1B9C-434E-8D02-06B2C88F4478} = {9C927613-4B08-48DF-8B84-030CBB5296C8}
		{79A91A7A-05C5-497F-92B5-9ED60261EC54} = {9C927613-4B08-48DF-8B84-030CBB5296C8}
		{37F22E72-71DD-4651-8BE4-1745A609533C} = {9C927613-4B08-48DF-8B84-030CBB5296C8}
		{92074E03-CD65-4F0B-A0B4-0BD647CECEDC} = {9C927613-4B08-48DF-8B84-030CBB5296C8}
		{5832CC0C-CA11-49AE-8D8B-E67145857594} = {9C927613-4B08-48DF-8B84-030CBB5296C8}
		{CBA216A9-85F7-4FC4-9BB5-CBE6D8947102} = {37F22E72-71DD-4651-8BE4-1745A609533C}
		{9556607A-07FF-4BBD-A8AF-252ECFC7B28F} = {92074E03-CD65-4F0B-A0B4-0BD647CECEDC}
		{E852F0A9-3C24-4577-8BB5-458E84456FA0} = {5832CC0C-CA11-49AE-8D8B-E67145857594}
		{C8B37984-E16B-4B0A-BE13-F8420CA51CF5} = {79A91A7A-05C5-497F-92B5-9ED60261EC54}
		{2AF51A52-6252-4234-8164-C45B8A20D2A8} = {40A634DB-1B9C-434E-8D02-06B2C88F4478}
		{13A44CA8-CD7E-45B8-959E-B979CFFBDA7B} = {4CDA4F5F-460E-4E73-904B-C6183823D449}
	EndGlobalSection
	GlobalSection(ExtensibilityGlobals) = postSolution
		SolutionGuid = {AB885603-E235-473F-9910-D3A8C264B0FE}
	EndGlobalSection
EndGlobal
